// !$*UTF8*$!
{
	archiveVersion = 1;
	classes = {
	};
	objectVersion = 56;
	objects = {

/* Begin PBXBuildFile section */
		355705302D86DE21007EA503 /* FirebaseAnalytics in Frameworks */ = {isa = PBXBuildFile; productRef = 3557052F2D86DE21007EA503 /* FirebaseAnalytics */; };
		355705342D877691007EA503 /* servisModel.swift in Sources */ = {isa = PBXBuildFile; fileRef = 355705332D877690007EA503 /* servisModel.swift */; };
		355705362D877B1B007EA503 /* FirebaseFirestore in Frameworks */ = {isa = PBXBuildFile; productRef = 355705352D877B1B007EA503 /* FirebaseFirestore */; };
		357656372D7AF62A00A46F99 /* rezervisAppApp.swift in Sources */ = {isa = PBXBuildFile; fileRef = 357656362D7AF62A00A46F99 /* rezervisAppApp.swift */; };
		357656392D7AF62A00A46F99 /* ContentView.swift in Sources */ = {isa = PBXBuildFile; fileRef = 357656382D7AF62A00A46F99 /* ContentView.swift */; };
		3576563B2D7AF62C00A46F99 /* Assets.xcassets in Resources */ = {isa = PBXBuildFile; fileRef = 3576563A2D7AF62C00A46F99 /* Assets.xcassets */; };
		3576563E2D7AF62C00A46F99 /* Preview Assets.xcassets in Resources */ = {isa = PBXBuildFile; fileRef = 3576563D2D7AF62C00A46F99 /* Preview Assets.xcassets */; };
		3589C1B62D7DB5680089B32D /* KayitEkraniView.swift in Sources */ = {isa = PBXBuildFile; fileRef = 3589C1B52D7DB5680089B32D /* KayitEkraniView.swift */; };
		3589C1B82D7DB5890089B32D /* KullaniciAnaEkran.swift in Sources */ = {isa = PBXBuildFile; fileRef = 3589C1B72D7DB5890089B32D /* KullaniciAnaEkran.swift */; };
		3589C1BA2D7DB5BB0089B32D /* KullaniciRezervasyonlarView.swift in Sources */ = {isa = PBXBuildFile; fileRef = 3589C1B92D7DB5BB0089B32D /* KullaniciRezervasyonlarView.swift */; };
		3589C1BC2D7DB5DC0089B32D /* RezervasyonOnayView.swift in Sources */ = {isa = PBXBuildFile; fileRef = 3589C1BB2D7DB5DC0089B32D /* RezervasyonOnayView.swift */; };
		3589C1BE2D7DB5FB0089B32D /* YoneticiAnaEkran.swift in Sources */ = {isa = PBXBuildFile; fileRef = 3589C1BD2D7DB5FB0089B32D /* YoneticiAnaEkran.swift */; };
		3589C1C02D7DB6160089B32D /* YoneticiServisEkleView.swift in Sources */ = {isa = PBXBuildFile; fileRef = 3589C1BF2D7DB6160089B32D /* YoneticiServisEkleView.swift */; };
		359C30AD2D8F53F40033254B /* GoogleService-Info.plist in Resources */ = {isa = PBXBuildFile; fileRef = 359C30AC2D8F53F40033254B /* GoogleService-Info.plist */; };
		359C30B22D902E910033254B /* servisVerileriniCekme.swift in Sources */ = {isa = PBXBuildFile; fileRef = 359C30B12D902E910033254B /* servisVerileriniCekme.swift */; };
		35B1387D2D864F9100DAACFE /* FirebaseAuth in Frameworks */ = {isa = PBXBuildFile; productRef = 35B1387C2D864F9100DAACFE /* FirebaseAuth */; };
		35B1387F2D864F9100DAACFE /* FirebaseDatabase in Frameworks */ = {isa = PBXBuildFile; productRef = 35B1387E2D864F9100DAACFE /* FirebaseDatabase */; };
/* End PBXBuildFile section */

/* Begin PBXFileReference section */
		355705332D877690007EA503 /* servisModel.swift */ = {isa = PBXFileReference; lastKnownFileType = sourcecode.swift; path = servisModel.swift; sourceTree = "<group>"; };
		357656362D7AF62A00A46F99 /* rezervisAppApp.swift */ = {isa = PBXFileReference; lastKnownFileType = sourcecode.swift; path = rezervisAppApp.swift; sourceTree = "<group>"; };
		357656382D7AF62A00A46F99 /* ContentView.swift */ = {isa = PBXFileReference; lastKnownFileType = sourcecode.swift; path = ContentView.swift; sourceTree = "<group>"; };
		3576563A2D7AF62C00A46F99 /* Assets.xcassets */ = {isa = PBXFileReference; lastKnownFileType = folder.assetcatalog; path = Assets.xcassets; sourceTree = "<group>"; };
		3576563D2D7AF62C00A46F99 /* Preview Assets.xcassets */ = {isa = PBXFileReference; lastKnownFileType = folder.assetcatalog; path = "Preview Assets.xcassets"; sourceTree = "<group>"; };
		3589C1B52D7DB5680089B32D /* KayitEkraniView.swift */ = {isa = PBXFileReference; lastKnownFileType = sourcecode.swift; path = KayitEkraniView.swift; sourceTree = "<group>"; };
		3589C1B72D7DB5890089B32D /* KullaniciAnaEkran.swift */ = {isa = PBXFileReference; lastKnownFileType = sourcecode.swift; path = KullaniciAnaEkran.swift; sourceTree = "<group>"; };
		3589C1B92D7DB5BB0089B32D /* KullaniciRezervasyonlarView.swift */ = {isa = PBXFileReference; lastKnownFileType = sourcecode.swift; path = KullaniciRezervasyonlarView.swift; sourceTree = "<group>"; };
		3589C1BB2D7DB5DC0089B32D /* RezervasyonOnayView.swift */ = {isa = PBXFileReference; lastKnownFileType = sourcecode.swift; path = RezervasyonOnayView.swift; sourceTree = "<group>"; };
		3589C1BD2D7DB5FB0089B32D /* YoneticiAnaEkran.swift */ = {isa = PBXFileReference; lastKnownFileType = sourcecode.swift; path = YoneticiAnaEkran.swift; sourceTree = "<group>"; };
		3589C1BF2D7DB6160089B32D /* YoneticiServisEkleView.swift */ = {isa = PBXFileReference; lastKnownFileType = sourcecode.swift; path = YoneticiServisEkleView.swift; sourceTree = "<group>"; };
		359C30A32D8D8FAA0033254B /* rezervisApp.app */ = {isa = PBXFileReference; explicitFileType = wrapper.application; includeInIndex = 0; path = rezervisApp.app; sourceTree = BUILT_PRODUCTS_DIR; };
		359C30AC2D8F53F40033254B /* GoogleService-Info.plist */ = {isa = PBXFileReference; lastKnownFileType = text.plist.xml; path = "GoogleService-Info.plist"; sourceTree = "<group>"; };
		359C30B12D902E910033254B /* servisVerileriniCekme.swift */ = {isa = PBXFileReference; lastKnownFileType = sourcecode.swift; path = servisVerileriniCekme.swift; sourceTree = "<group>"; };
/* End PBXFileReference section */

/* Begin PBXFrameworksBuildPhase section */
		357656302D7AF62A00A46F99 /* Frameworks */ = {
			isa = PBXFrameworksBuildPhase;
			buildActionMask = 2147483647;
			files = (
				35B1387F2D864F9100DAACFE /* FirebaseDatabase in Frameworks */,
				355705362D877B1B007EA503 /* FirebaseFirestore in Frameworks */,
				35B1387D2D864F9100DAACFE /* FirebaseAuth in Frameworks */,
				355705302D86DE21007EA503 /* FirebaseAnalytics in Frameworks */,
			);
			runOnlyForDeploymentPostprocessing = 0;
		};
/* End PBXFrameworksBuildPhase section */

/* Begin PBXGroup section */
		3576562A2D7AF62A00A46F99 = {
			isa = PBXGroup;
			children = (
				357656352D7AF62A00A46F99 /* rezervisApp */,
				35B138752D8647D200DAACFE /* Frameworks */,
				359C30A32D8D8FAA0033254B /* rezervisApp.app */,
			);
			sourceTree = "<group>";
		};
		357656352D7AF62A00A46F99 /* rezervisApp */ = {
			isa = PBXGroup;
			children = (
				359C30AC2D8F53F40033254B /* GoogleService-Info.plist */,
				357656362D7AF62A00A46F99 /* rezervisAppApp.swift */,
				357656382D7AF62A00A46F99 /* ContentView.swift */,
				3589C1B52D7DB5680089B32D /* KayitEkraniView.swift */,
				3589C1B72D7DB5890089B32D /* KullaniciAnaEkran.swift */,
				3589C1B92D7DB5BB0089B32D /* KullaniciRezervasyonlarView.swift */,
				3589C1BB2D7DB5DC0089B32D /* RezervasyonOnayView.swift */,
				3589C1BD2D7DB5FB0089B32D /* YoneticiAnaEkran.swift */,
				3589C1BF2D7DB6160089B32D /* YoneticiServisEkleView.swift */,
				3576563A2D7AF62C00A46F99 /* Assets.xcassets */,
				3576563C2D7AF62C00A46F99 /* Preview Content */,
				355705332D877690007EA503 /* servisModel.swift */,
				359C30B12D902E910033254B /* servisVerileriniCekme.swift */,
			);
			path = rezervisApp;
			sourceTree = "<group>";
		};
		3576563C2D7AF62C00A46F99 /* Preview Content */ = {
			isa = PBXGroup;
			children = (
				3576563D2D7AF62C00A46F99 /* Preview Assets.xcassets */,
			);
			path = "Preview Content";
			sourceTree = "<group>";
		};
		35B138752D8647D200DAACFE /* Frameworks */ = {
			isa = PBXGroup;
			children = (
			);
			name = Frameworks;
			sourceTree = "<group>";
		};
/* End PBXGroup section */

/* Begin PBXNativeTarget section */
		357656322D7AF62A00A46F99 /* rezervisApp */ = {
			isa = PBXNativeTarget;
			buildConfigurationList = 357656412D7AF62C00A46F99 /* Build configuration list for PBXNativeTarget "rezervisApp" */;
			buildPhases = (
				3576562F2D7AF62A00A46F99 /* Sources */,
				357656302D7AF62A00A46F99 /* Frameworks */,
				357656312D7AF62A00A46F99 /* Resources */,
			);
			buildRules = (
			);
			dependencies = (
			);
			name = rezervisApp;
			packageProductDependencies = (
				35B1387C2D864F9100DAACFE /* FirebaseAuth */,
				35B1387E2D864F9100DAACFE /* FirebaseDatabase */,
				3557052F2D86DE21007EA503 /* FirebaseAnalytics */,
				355705352D877B1B007EA503 /* FirebaseFirestore */,
			);
			productName = rezervisApp;
			productReference = 359C30A32D8D8FAA0033254B /* rezervisApp.app */;
			productType = "com.apple.product-type.application";
		};
/* End PBXNativeTarget section */

/* Begin PBXProject section */
		3576562B2D7AF62A00A46F99 /* Project object */ = {
			isa = PBXProject;
			attributes = {
				BuildIndependentTargetsInParallel = 1;
				LastSwiftUpdateCheck = 1540;
				LastUpgradeCheck = 1540;
				TargetAttributes = {
					357656322D7AF62A00A46F99 = {
						CreatedOnToolsVersion = 15.4;
					};
				};
			};
			buildConfigurationList = 3576562E2D7AF62A00A46F99 /* Build configuration list for PBXProject "rezervisApp" */;
			compatibilityVersion = "Xcode 14.0";
			developmentRegion = en;
			hasScannedForEncodings = 0;
			knownRegions = (
				en,
				Base,
			);
			mainGroup = 3576562A2D7AF62A00A46F99;
			packageReferences = (
				35B138742D8646A500DAACFE /* XCRemoteSwiftPackageReference "firebase-ios-sdk" */,
			);
			productRefGroup = 3576562A2D7AF62A00A46F99;
			projectDirPath = "";
			projectRoot = "";
			targets = (
				357656322D7AF62A00A46F99 /* rezervisApp */,
			);
		};
/* End PBXProject section */

/* Begin PBXResourcesBuildPhase section */
		357656312D7AF62A00A46F99 /* Resources */ = {
			isa = PBXResourcesBuildPhase;
			buildActionMask = 2147483647;
			files = (
				359C30AD2D8F53F40033254B /* GoogleService-Info.plist in Resources */,
				3576563E2D7AF62C00A46F99 /* Preview Assets.xcassets in Resources */,
				3576563B2D7AF62C00A46F99 /* Assets.xcassets in Resources */,
			);
			runOnlyForDeploymentPostprocessing = 0;
		};
/* End PBXResourcesBuildPhase section */

/* Begin PBXSourcesBuildPhase section */
		3576562F2D7AF62A00A46F99 /* Sources */ = {
			isa = PBXSourcesBuildPhase;
			buildActionMask = 2147483647;
			files = (
				3589C1B62D7DB5680089B32D /* KayitEkraniView.swift in Sources */,
				357656392D7AF62A00A46F99 /* ContentView.swift in Sources */,
				357656372D7AF62A00A46F99 /* rezervisAppApp.swift in Sources */,
				3589C1C02D7DB6160089B32D /* YoneticiServisEkleView.swift in Sources */,
				3589C1B82D7DB5890089B32D /* KullaniciAnaEkran.swift in Sources */,
				3589C1BC2D7DB5DC0089B32D /* RezervasyonOnayView.swift in Sources */,
				355705342D877691007EA503 /* servisModel.swift in Sources */,
				3589C1BE2D7DB5FB0089B32D /* YoneticiAnaEkran.swift in Sources */,
				359C30B22D902E910033254B /* servisVerileriniCekme.swift in Sources */,
				3589C1BA2D7DB5BB0089B32D /* KullaniciRezervasyonlarView.swift in Sources */,
			);
			runOnlyForDeploymentPostprocessing = 0;
		};
/* End PBXSourcesBuildPhase section */

/* Begin XCBuildConfiguration section */
		3576563F2D7AF62C00A46F99 /* Debug */ = {
			isa = XCBuildConfiguration;
			buildSettings = {
				ALWAYS_SEARCH_USER_PATHS = NO;
				ASSETCATALOG_COMPILER_GENERATE_SWIFT_ASSET_SYMBOL_EXTENSIONS = YES;
				CLANG_ANALYZER_NONNULL = YES;
				CLANG_ANALYZER_NUMBER_OBJECT_CONVERSION = YES_AGGRESSIVE;
				CLANG_CXX_LANGUAGE_STANDARD = "gnu++20";
				CLANG_ENABLE_MODULES = YES;
				CLANG_ENABLE_OBJC_ARC = YES;
				CLANG_ENABLE_OBJC_WEAK = YES;
				CLANG_WARN_BLOCK_CAPTURE_AUTORELEASING = YES;
				CLANG_WARN_BOOL_CONVERSION = YES;
				CLANG_WARN_COMMA = YES;
				CLANG_WARN_CONSTANT_CONVERSION = YES;
				CLANG_WARN_DEPRECATED_OBJC_IMPLEMENTATIONS = YES;
				CLANG_WARN_DIRECT_OBJC_ISA_USAGE = YES_ERROR;
				CLANG_WARN_DOCUMENTATION_COMMENTS = YES;
				CLANG_WARN_EMPTY_BODY = YES;
				CLANG_WARN_ENUM_CONVERSION = YES;
				CLANG_WARN_INFINITE_RECURSION = YES;
				CLANG_WARN_INT_CONVERSION = YES;
				CLANG_WARN_NON_LITERAL_NULL_CONVERSION = YES;
				CLANG_WARN_OBJC_IMPLICIT_RETAIN_SELF = YES;
				CLANG_WARN_OBJC_LITERAL_CONVERSION = YES;
				CLANG_WARN_OBJC_ROOT_CLASS = YES_ERROR;
				CLANG_WARN_QUOTED_INCLUDE_IN_FRAMEWORK_HEADER = YES;
				CLANG_WARN_RANGE_LOOP_ANALYSIS = YES;
				CLANG_WARN_STRICT_PROTOTYPES = YES;
				CLANG_WARN_SUSPICIOUS_MOVE = YES;
				CLANG_WARN_UNGUARDED_AVAILABILITY = YES_AGGRESSIVE;
				CLANG_WARN_UNREACHABLE_CODE = YES;
				CLANG_WARN__DUPLICATE_METHOD_MATCH = YES;
				COPY_PHASE_STRIP = NO;
				DEBUG_INFORMATION_FORMAT = dwarf;
				ENABLE_STRICT_OBJC_MSGSEND = YES;
				ENABLE_TESTABILITY = YES;
				ENABLE_USER_SCRIPT_SANDBOXING = YES;
				GCC_C_LANGUAGE_STANDARD = gnu17;
				GCC_DYNAMIC_NO_PIC = NO;
				GCC_NO_COMMON_BLOCKS = YES;
				GCC_OPTIMIZATION_LEVEL = 0;
				GCC_PREPROCESSOR_DEFINITIONS = (
					"DEBUG=1",
					"$(inherited)",
				);
				GCC_WARN_64_TO_32_BIT_CONVERSION = YES;
				GCC_WARN_ABOUT_RETURN_TYPE = YES_ERROR;
				GCC_WARN_UNDECLARED_SELECTOR = YES;
				GCC_WARN_UNINITIALIZED_AUTOS = YES_AGGRESSIVE;
				GCC_WARN_UNUSED_FUNCTION = YES;
				GCC_WARN_UNUSED_VARIABLE = YES;
				IPHONEOS_DEPLOYMENT_TARGET = 17.5;
				LOCALIZATION_PREFERS_STRING_CATALOGS = YES;
				MTL_ENABLE_DEBUG_INFO = INCLUDE_SOURCE;
				MTL_FAST_MATH = YES;
				ONLY_ACTIVE_ARCH = YES;
				SDKROOT = iphoneos;
				SWIFT_ACTIVE_COMPILATION_CONDITIONS = "DEBUG $(inherited)";
				SWIFT_OPTIMIZATION_LEVEL = "-Onone";
			};
			name = Debug;
		};
		357656402D7AF62C00A46F99 /* Release */ = {
			isa = XCBuildConfiguration;
			buildSettings = {
				ALWAYS_SEARCH_USER_PATHS = NO;
				ASSETCATALOG_COMPILER_GENERATE_SWIFT_ASSET_SYMBOL_EXTENSIONS = YES;
				CLANG_ANALYZER_NONNULL = YES;
				CLANG_ANALYZER_NUMBER_OBJECT_CONVERSION = YES_AGGRESSIVE;
				CLANG_CXX_LANGUAGE_STANDARD = "gnu++20";
				CLANG_ENABLE_MODULES = YES;
				CLANG_ENABLE_OBJC_ARC = YES;
				CLANG_ENABLE_OBJC_WEAK = YES;
				CLANG_WARN_BLOCK_CAPTURE_AUTORELEASING = YES;
				CLANG_WARN_BOOL_CONVERSION = YES;
				CLANG_WARN_COMMA = YES;
				CLANG_WARN_CONSTANT_CONVERSION = YES;
				CLANG_WARN_DEPRECATED_OBJC_IMPLEMENTATIONS = YES;
				CLANG_WARN_DIRECT_OBJC_ISA_USAGE = YES_ERROR;
				CLANG_WARN_DOCUMENTATION_COMMENTS = YES;
				CLANG_WARN_EMPTY_BODY = YES;
				CLANG_WARN_ENUM_CONVERSION = YES;
				CLANG_WARN_INFINITE_RECURSION = YES;
				CLANG_WARN_INT_CONVERSION = YES;
				CLANG_WARN_NON_LITERAL_NULL_CONVERSION = YES;
				CLANG_WARN_OBJC_IMPLICIT_RETAIN_SELF = YES;
				CLANG_WARN_OBJC_LITERAL_CONVERSION = YES;
				CLANG_WARN_OBJC_ROOT_CLASS = YES_ERROR;
				CLANG_WARN_QUOTED_INCLUDE_IN_FRAMEWORK_HEADER = YES;
				CLANG_WARN_RANGE_LOOP_ANALYSIS = YES;
				CLANG_WARN_STRICT_PROTOTYPES = YES;
				CLANG_WARN_SUSPICIOUS_MOVE = YES;
				CLANG_WARN_UNGUARDED_AVAILABILITY = YES_AGGRESSIVE;
				CLANG_WARN_UNREACHABLE_CODE = YES;
				CLANG_WARN__DUPLICATE_METHOD_MATCH = YES;
				COPY_PHASE_STRIP = NO;
				DEBUG_INFORMATION_FORMAT = "dwarf-with-dsym";
				ENABLE_NS_ASSERTIONS = NO;
				ENABLE_STRICT_OBJC_MSGSEND = YES;
				ENABLE_USER_SCRIPT_SANDBOXING = YES;
				GCC_C_LANGUAGE_STANDARD = gnu17;
				GCC_NO_COMMON_BLOCKS = YES;
				GCC_WARN_64_TO_32_BIT_CONVERSION = YES;
				GCC_WARN_ABOUT_RETURN_TYPE = YES_ERROR;
				GCC_WARN_UNDECLARED_SELECTOR = YES;
				GCC_WARN_UNINITIALIZED_AUTOS = YES_AGGRESSIVE;
				GCC_WARN_UNUSED_FUNCTION = YES;
				GCC_WARN_UNUSED_VARIABLE = YES;
				IPHONEOS_DEPLOYMENT_TARGET = 17.5;
				LOCALIZATION_PREFERS_STRING_CATALOGS = YES;
				MTL_ENABLE_DEBUG_INFO = NO;
				MTL_FAST_MATH = YES;
				SDKROOT = iphoneos;
				SWIFT_COMPILATION_MODE = wholemodule;
				VALIDATE_PRODUCT = YES;
			};
			name = Release;
		};
		357656422D7AF62C00A46F99 /* Debug */ = {
			isa = XCBuildConfiguration;
			buildSettings = {
				ASSETCATALOG_COMPILER_APPICON_NAME = AppIcon;
				ASSETCATALOG_COMPILER_GLOBAL_ACCENT_COLOR_NAME = AccentColor;
				CODE_SIGN_STYLE = Automatic;
				CURRENT_PROJECT_VERSION = 1;
				DEVELOPMENT_ASSET_PATHS = "\"rezervisApp/Preview Content\"";
				DEVELOPMENT_TEAM = A68HYF6D3H;
				ENABLE_PREVIEWS = YES;
				GENERATE_INFOPLIST_FILE = YES;
				INFOPLIST_KEY_UIApplicationSceneManifest_Generation = YES;
				INFOPLIST_KEY_UIApplicationSupportsIndirectInputEvents = YES;
				INFOPLIST_KEY_UILaunchScreen_Generation = YES;
				INFOPLIST_KEY_UISupportedInterfaceOrientations_iPad = "UIInterfaceOrientationPortrait UIInterfaceOrientationPortraitUpsideDown UIInterfaceOrientationLandscapeLeft UIInterfaceOrientationLandscapeRight";
				INFOPLIST_KEY_UISupportedInterfaceOrientations_iPhone = "UIInterfaceOrientationPortrait UIInterfaceOrientationLandscapeLeft UIInterfaceOrientationLandscapeRight";
				LD_RUNPATH_SEARCH_PATHS = (
					"$(inherited)",
					"@executable_path/Frameworks",
				);
				MARKETING_VERSION = 1.0;
				PRODUCT_BUNDLE_IDENTIFIER = STANFORDCS193P.firstlesson.rezervisApp;
				PRODUCT_NAME = "$(TARGET_NAME)";
				SWIFT_EMIT_LOC_STRINGS = YES;
				SWIFT_VERSION = 5.0;
				TARGETED_DEVICE_FAMILY = "1,2";
			};
			name = Debug;
		};
		357656432D7AF62C00A46F99 /* Release */ = {
			isa = XCBuildConfiguration;
			buildSettings = {
				ASSETCATALOG_COMPILER_APPICON_NAME = AppIcon;
				ASSETCATALOG_COMPILER_GLOBAL_ACCENT_COLOR_NAME = AccentColor;
				CODE_SIGN_STYLE = Automatic;
				CURRENT_PROJECT_VERSION = 1;
				DEVELOPMENT_ASSET_PATHS = "\"rezervisApp/Preview Content\"";
				DEVELOPMENT_TEAM = A68HYF6D3H;
				ENABLE_PREVIEWS = YES;
				GENERATE_INFOPLIST_FILE = YES;
				INFOPLIST_KEY_UIApplicationSceneManifest_Generation = YES;
				INFOPLIST_KEY_UIApplicationSupportsIndirectInputEvents = YES;
				INFOPLIST_KEY_UILaunchScreen_Generation = YES;
				INFOPLIST_KEY_UISupportedInterfaceOrientations_iPad = "UIInterfaceOrientationPortrait UIInterfaceOrientationPortraitUpsideDown UIInterfaceOrientationLandscapeLeft UIInterfaceOrientationLandscapeRight";
				INFOPLIST_KEY_UISupportedInterfaceOrientations_iPhone = "UIInterfaceOrientationPortrait UIInterfaceOrientationLandscapeLeft UIInterfaceOrientationLandscapeRight";
				LD_RUNPATH_SEARCH_PATHS = (
					"$(inherited)",
					"@executable_path/Frameworks",
				);
				MARKETING_VERSION = 1.0;
				PRODUCT_BUNDLE_IDENTIFIER = STANFORDCS193P.firstlesson.rezervisApp;
				PRODUCT_NAME = "$(TARGET_NAME)";
				SWIFT_EMIT_LOC_STRINGS = YES;
				SWIFT_VERSION = 5.0;
				TARGETED_DEVICE_FAMILY = "1,2";
			};
			name = Release;
		};
/* End XCBuildConfiguration section */

/* Begin XCConfigurationList section */
		3576562E2D7AF62A00A46F99 /* Build configuration list for PBXProject "rezervisApp" */ = {
			isa = XCConfigurationList;
			buildConfigurations = (
				3576563F2D7AF62C00A46F99 /* Debug */,
				357656402D7AF62C00A46F99 /* Release */,
			);
			defaultConfigurationIsVisible = 0;
			defaultConfigurationName = Release;
		};
		357656412D7AF62C00A46F99 /* Build configuration list for PBXNativeTarget "rezervisApp" */ = {
			isa = XCConfigurationList;
			buildConfigurations = (
				357656422D7AF62C00A46F99 /* Debug */,
				357656432D7AF62C00A46F99 /* Release */,
			);
			defaultConfigurationIsVisible = 0;
			defaultConfigurationName = Release;
		};
/* End XCConfigurationList section */

/* Begin XCRemoteSwiftPackageReference section */
		35B138742D8646A500DAACFE /* XCRemoteSwiftPackageReference "firebase-ios-sdk" */ = {
			isa = XCRemoteSwiftPackageReference;
			repositoryURL = "https://github.com/firebase/firebase-ios-sdk";
			requirement = {
				kind = upToNextMajorVersion;
				minimumVersion = 11.9.0;
			};
		};
/* End XCRemoteSwiftPackageReference section */

/* Begin XCSwiftPackageProductDependency section */
		3557052F2D86DE21007EA503 /* FirebaseAnalytics */ = {
			isa = XCSwiftPackageProductDependency;
			package = 35B138742D8646A500DAACFE /* XCRemoteSwiftPackageReference "firebase-ios-sdk" */;
			productName = FirebaseAnalytics;
		};
		355705352D877B1B007EA503 /* FirebaseFirestore */ = {
			isa = XCSwiftPackageProductDependency;
			package = 35B138742D8646A500DAACFE /* XCRemoteSwiftPackageReference "firebase-ios-sdk" */;
			productName = FirebaseFirestore;
		};
		35B1387C2D864F9100DAACFE /* FirebaseAuth */ = {
			isa = XCSwiftPackageProductDependency;
			package = 35B138742D8646A500DAACFE /* XCRemoteSwiftPackageReference "firebase-ios-sdk" */;
			productName = FirebaseAuth;
		};
		35B1387E2D864F9100DAACFE /* FirebaseDatabase */ = {
			isa = XCSwiftPackageProductDependency;
			package = 35B138742D8646A500DAACFE /* XCRemoteSwiftPackageReference "firebase-ios-sdk" */;
			productName = FirebaseDatabase;
		};
/* End XCSwiftPackageProductDependency section */
	};
	rootObject = 3576562B2D7AF62A00A46F99 /* Project object */;
}
